
Microsoft Visual Studio Solution File, Format Version 12.00
# Visual Studio 15
VisualStudioVersion = 15.0.27004.2005
MinimumVisualStudioVersion = 10.0.40219.1
Project("{F2A71F9B-5D33-465A-A702-920D77279786}") = "WpfTypes", "WpfTypes\WpfTypes.fsproj", "{B211ADB0-426E-4456-8140-9F07F5136DD2}"
EndProject
Project("{FAE04EC0-301F-11D3-BF4B-00C04F79EFBC}") = "WpfTypesC", "WpfTypesC\WpfTypesC.csproj", "{E9522F79-F2E5-4E4B-B54F-9BDE4D37CFBA}"
EndProject
Project("{F2A71F9B-5D33-465A-A702-920D77279786}") = "WpfComponents", "WpfComponents\WpfComponents.fsproj", "{7E9DAFF5-6FE8-4F40-94DA-1FA5F73395FA}"
EndProject
Global
	GlobalSection(SolutionConfigurationPlatforms) = preSolution
		Debug|Any CPU = Debug|Any CPU
		Release|Any CPU = Release|Any CPU
	EndGlobalSection
	GlobalSection(ProjectConfigurationPlatforms) = postSolution
		{B211ADB0-426E-4456-8140-9F07F5136DD2}.Debug|Any CPU.ActiveCfg = Debug|Any CPU
		{B211ADB0-426E-4456-8140-9F07F5136DD2}.Debug|Any CPU.Build.0 = Debug|Any CPU
		{B211ADB0-426E-4456-8140-9F07F5136DD2}.Release|Any CPU.ActiveCfg = Release|Any CPU
		{B211ADB0-426E-4456-8140-9F07F5136DD2}.Release|Any CPU.Build.0 = Release|Any CPU
		{E9522F79-F2E5-4E4B-B54F-9BDE4D37CFBA}.Debug|Any CPU.ActiveCfg = Debug|Any CPU
		{E9522F79-F2E5-4E4B-B54F-9BDE4D37CFBA}.Debug|Any CPU.Build.0 = Debug|Any CPU
		{E9522F79-F2E5-4E4B-B54F-9BDE4D37CFBA}.Release|Any CPU.ActiveCfg = Release|Any CPU
		{E9522F79-F2E5-4E4B-B54F-9BDE4D37CFBA}.Release|Any CPU.Build.0 = Release|Any CPU
		{7E9DAFF5-6FE8-4F40-94DA-1FA5F73395FA}.Debug|Any CPU.ActiveCfg = Debug|Any CPU
		{7E9DAFF5-6FE8-4F40-94DA-1FA5F73395FA}.Debug|Any CPU.Build.0 = Debug|Any CPU
		{7E9DAFF5-6FE8-4F40-94DA-1FA5F73395FA}.Release|Any CPU.ActiveCfg = Release|Any CPU
		{7E9DAFF5-6FE8-4F40-94DA-1FA5F73395FA}.Release|Any CPU.Build.0 = Release|Any CPU
	EndGlobalSection
	GlobalSection(SolutionProperties) = preSolution
		HideSolutionNode = FALSE
	EndGlobalSection
	GlobalSection(ExtensibilityGlobals) = postSolution
		SolutionGuid = {8F60D899-9E40-47FA-BE69-38781FD1EA24}
	EndGlobalSection
EndGlobal
